
Microsoft Visual Studio Solution File, Format Version 12.00
# Visual Studio 15
VisualStudioVersion = 15.0.27705.2000
MinimumVisualStudioVersion = 10.0.40219.1
Project("{FAE04EC0-301F-11D3-BF4B-00C04F79EFBC}") = "MousePad", "MousePad\MousePad.csproj", "{D9FC3B00-1CB0-4F94-ABEB-49B491CB1A31}"
EndProject
Global
	GlobalSection(SolutionConfigurationPlatforms) = preSolution
		Debug|Any CPU = Debug|Any CPU
		Release|Any CPU = Release|Any CPU
	EndGlobalSection
	GlobalSection(ProjectConfigurationPlatforms) = postSolution
		{D9FC3B00-1CB0-4F94-ABEB-49B491CB1A31}.Debug|Any CPU.ActiveCfg = Debug|Any CPU
		{D9FC3B00-1CB0-4F94-ABEB-49B491CB1A31}.Debug|Any CPU.Build.0 = Debug|Any CPU
		{D9FC3B00-1CB0-4F94-ABEB-49B491CB1A31}.Release|Any CPU.ActiveCfg = Release|Any CPU
		{D9FC3B00-1CB0-4F94-ABEB-49B491CB1A31}.Release|Any CPU.Build.0 = Release|Any CPU
	EndGlobalSection
	GlobalSection(SolutionProperties) = preSolution
		HideSolutionNode = FALSE
	EndGlobalSection
	GlobalSection(ExtensibilityGlobals) = postSolution
		SolutionGuid = {8C9D3737-4012-4878-9920-4C7DCD30A565}
	EndGlobalSection
EndGlobal
